
Microsoft Visual Studio Solution File, Format Version 12.00
# Visual Studio Version 16
VisualStudioVersion = 16.0.32901.82
MinimumVisualStudioVersion = 10.0.40219.1
Project("{FAE04EC0-301F-11D3-BF4B-00C04F79EFBC}") = "Assembly-CSharp", "Assembly-CSharp.csproj", "{614CD931-FB1A-0FE4-CAB9-DEF435DF0FB8}"
EndProject
Project("{FAE04EC0-301F-11D3-BF4B-00C04F79EFBC}") = "Assembly-CSharp-Editor", "Assembly-CSharp-Editor.csproj", "{A996324A-BA34-644C-BC25-675F1CBDF245}"
EndProject
Global
	GlobalSection(SolutionConfigurationPlatforms) = preSolution
		Debug|Any CPU = Debug|Any CPU
		Release|Any CPU = Release|Any CPU
	EndGlobalSection
	GlobalSection(ProjectConfigurationPlatforms) = postSolution
		{614CD931-FB1A-0FE4-CAB9-DEF435DF0FB8}.Debug|Any CPU.ActiveCfg = Debug|Any CPU
		{614CD931-FB1A-0FE4-CAB9-DEF435DF0FB8}.Debug|Any CPU.Build.0 = Debug|Any CPU
		{614CD931-FB1A-0FE4-CAB9-DEF435DF0FB8}.Release|Any CPU.ActiveCfg = Release|Any CPU
		{614CD931-FB1A-0FE4-CAB9-DEF435DF0FB8}.Release|Any CPU.Build.0 = Release|Any CPU
		{A996324A-BA34-644C-BC25-675F1CBDF245}.Debug|Any CPU.ActiveCfg = Debug|Any CPU
		{A996324A-BA34-644C-BC25-675F1CBDF245}.Debug|Any CPU.Build.0 = Debug|Any CPU
		{A996324A-BA34-644C-BC25-675F1CBDF245}.Release|Any CPU.ActiveCfg = Release|Any CPU
		{A996324A-BA34-644C-BC25-675F1CBDF245}.Release|Any CPU.Build.0 = Release|Any CPU
	EndGlobalSection
	GlobalSection(SolutionProperties) = preSolution
		HideSolutionNode = FALSE
	EndGlobalSection
	GlobalSection(ExtensibilityGlobals) = postSolution
		SolutionGuid = {1AB570A6-9034-4737-A351-E1EF6A462696}
	EndGlobalSection
EndGlobal
